
Microsoft Visual Studio Solution File, Format Version 12.00
# Visual Studio 15
VisualStudioVersion = 15.0.28307.329
MinimumVisualStudioVersion = 10.0.40219.1
Project("{FAE04EC0-301F-11D3-BF4B-00C04F79EFBC}") = "LoanUnionApp", "LoanUnionApp\LoanUnionApp.csproj", "{F32EC9D7-B41F-4FB7-9B55-63EE6C37A680}"
EndProject
Global
	GlobalSection(SolutionConfigurationPlatforms) = preSolution
		Debug|Any CPU = Debug|Any CPU
		Release|Any CPU = Release|Any CPU
	EndGlobalSection
	GlobalSection(ProjectConfigurationPlatforms) = postSolution
		{F32EC9D7-B41F-4FB7-9B55-63EE6C37A680}.Debug|Any CPU.ActiveCfg = Debug|Any CPU
		{F32EC9D7-B41F-4FB7-9B55-63EE6C37A680}.Debug|Any CPU.Build.0 = Debug|Any CPU
		{F32EC9D7-B41F-4FB7-9B55-63EE6C37A680}.Release|Any CPU.ActiveCfg = Release|Any CPU
		{F32EC9D7-B41F-4FB7-9B55-63EE6C37A680}.Release|Any CPU.Build.0 = Release|Any CPU
	EndGlobalSection
	GlobalSection(SolutionProperties) = preSolution
		HideSolutionNode = FALSE
	EndGlobalSection
	GlobalSection(ExtensibilityGlobals) = postSolution
		SolutionGuid = {A49A7869-D9D0-4E55-A430-9D7450608AA5}
	EndGlobalSection
EndGlobal
